PODS:
  - Alamofire (5.6.4)
  - NVActivityIndicatorView (4.8.0):
    - NVActivityIndicatorView/Presenter (= 4.8.0)
  - NVActivityIndicatorView/Presenter (4.8.0)
  - SDWebImage (5.14.2):
    - SDWebImage/Core (= 5.14.2)
  - SDWebImage/Core (5.14.2)
  - SwiftLint (0.50.3)

DEPENDENCIES:
  - Alamofire
  - NVActivityIndicatorView (from `https://github.com/ninjaprox/NVActivityIndicatorView.git`, tag `4.8.0`)
  - SDWebImage
  - SwiftLint

SPEC REPOS:
  trunk:
    - Alamofire
    - SDWebImage
    - SwiftLint

EXTERNAL SOURCES:
  NVActivityIndicatorView:
    :git: https://github.com/ninjaprox/NVActivityIndicatorView.git
    :tag: 4.8.0

CHECKOUT OPTIONS:
  NVActivityIndicatorView:
    :git: https://github.com/ninjaprox/NVActivityIndicatorView.git
    :tag: 4.8.0

SPEC CHECKSUMS:
  Alamofire: 4e95d97098eacb88856099c4fc79b526a299e48c
  NVActivityIndicatorView: 24b713d5140767dc43097cd9d5ff719ff0660bdc
  SDWebImage: b9a731e1d6307f44ca703b3976d18c24ca561e84
  SwiftLint: 77f7cb2b9bb81ab4a12fcc86448ba3f11afa50c6

PODFILE CHECKSUM: 2f5a81496cbe16358fcc8071c4c2e72fd75549c5

COCOAPODS: 1.11.3
